// !$*UTF8*$!
{
	archiveVersion = 1;
	classes = {
	};
	objectVersion = 50;
	objects = {

/* Begin PBXBuildFile section */
		FBAD693624A8D22E00914DBF /* AppDelegate.swift in Sources */ = {isa = PBXBuildFile; fileRef = FBAD693524A8D22E00914DBF /* AppDelegate.swift */; };
		FBAD693824A8D22E00914DBF /* SceneDelegate.swift in Sources */ = {isa = PBXBuildFile; fileRef = FBAD693724A8D22E00914DBF /* SceneDelegate.swift */; };
		FBAD693A24A8D22E00914DBF /* ViewController.swift in Sources */ = {isa = PBXBuildFile; fileRef = FBAD693924A8D22E00914DBF /* ViewController.swift */; };
		FBAD693D24A8D22E00914DBF /* Main.storyboard in Resources */ = {isa = PBXBuildFile; fileRef = FBAD693B24A8D22E00914DBF /* Main.storyboard */; };
		FBAD693F24A8D23100914DBF /* Assets.xcassets in Resources */ = {isa = PBXBuildFile; fileRef = FBAD693E24A8D23100914DBF /* Assets.xcassets */; };
		FBAD694224A8D23100914DBF /* LaunchScreen.storyboard in Resources */ = {isa = PBXBuildFile; fileRef = FBAD694024A8D23100914DBF /* LaunchScreen.storyboard */; };
		FBAD694A24A8DE3800914DBF /* GameViewController.swift in Sources */ = {isa = PBXBuildFile; fileRef = FBAD694924A8DE3800914DBF /* GameViewController.swift */; };
/* End PBXBuildFile section */

/* Begin PBXFileReference section */
		FBAD693224A8D22E00914DBF /* OXGame.app */ = {isa = PBXFileReference; explicitFileType = wrapper.application; includeInIndex = 0; path = OXGame.app; sourceTree = BUILT_PRODUCTS_DIR; };
		FBAD693524A8D22E00914DBF /* AppDelegate.swift */ = {isa = PBXFileReference; lastKnownFileType = sourcecode.swift; path = AppDelegate.swift; sourceTree = "<group>"; };
		FBAD693724A8D22E00914DBF /* SceneDelegate.swift */ = {isa = PBXFileReference; lastKnownFileType = sourcecode.swift; path = SceneDelegate.swift; sourceTree = "<group>"; };
		FBAD693924A8D22E00914DBF /* ViewController.swift */ = {isa = PBXFileReference; lastKnownFileType = sourcecode.swift; path = ViewController.swift; sourceTree = "<group>"; };
		FBAD693C24A8D22E00914DBF /* Base */ = {isa = PBXFileReference; lastKnownFileType = file.storyboard; name = Base; path = Base.lproj/Main.storyboard; sourceTree = "<group>"; };
		FBAD693E24A8D23100914DBF /* Assets.xcassets */ = {isa = PBXFileReference; lastKnownFileType = folder.assetcatalog; path = Assets.xcassets; sourceTree = "<group>"; };
		FBAD694124A8D23100914DBF /* Base */ = {isa = PBXFileReference; lastKnownFileType = file.storyboard; name = Base; path = Base.lproj/LaunchScreen.storyboard; sourceTree = "<group>"; };
		FBAD694324A8D23100914DBF /* Info.plist */ = {isa = PBXFileReference; lastKnownFileType = text.plist.xml; path = Info.plist; sourceTree = "<group>"; };
		FBAD694924A8DE3800914DBF /* GameViewController.swift */ = {isa = PBXFileReference; lastKnownFileType = sourcecode.swift; path = GameViewController.swift; sourceTree = "<group>"; };
/* End PBXFileReference section */

/* Begin PBXFrameworksBuildPhase section */
		FBAD692F24A8D22E00914DBF /* Frameworks */ = {
			isa = PBXFrameworksBuildPhase;
			buildActionMask = 2147483647;
			files = (
			);
			runOnlyForDeploymentPostprocessing = 0;
		};
/* End PBXFrameworksBuildPhase section */

/* Begin PBXGroup section */
		FBAD692924A8D22E00914DBF = {
			isa = PBXGroup;
			children = (
				FBAD693424A8D22E00914DBF /* OXGame */,
				FBAD693324A8D22E00914DBF /* Products */,
			);
			sourceTree = "<group>";
		};
		FBAD693324A8D22E00914DBF /* Products */ = {
			isa = PBXGroup;
			children = (
				FBAD693224A8D22E00914DBF /* OXGame.app */,
			);
			name = Products;
			sourceTree = "<group>";
		};
		FBAD693424A8D22E00914DBF /* OXGame */ = {
			isa = PBXGroup;
			children = (
				FBAD693524A8D22E00914DBF /* AppDelegate.swift */,
				FBAD693724A8D22E00914DBF /* SceneDelegate.swift */,
				FBAD693924A8D22E00914DBF /* ViewController.swift */,
				FBAD694924A8DE3800914DBF /* GameViewController.swift */,
				FBAD693B24A8D22E00914DBF /* Main.storyboard */,
				FBAD693E24A8D23100914DBF /* Assets.xcassets */,
				FBAD694024A8D23100914DBF /* LaunchScreen.storyboard */,
				FBAD694324A8D23100914DBF /* Info.plist */,
			);
			path = OXGame;
			sourceTree = "<group>";
		};
/* End PBXGroup section */

/* Begin PBXNativeTarget section */
		FBAD693124A8D22E00914DBF /* OXGame */ = {
			isa = PBXNativeTarget;
			buildConfigurationList = FBAD694624A8D23100914DBF /* Build configuration list for PBXNativeTarget "OXGame" */;
			buildPhases = (
				FBAD692E24A8D22E00914DBF /* Sources */,
				FBAD692F24A8D22E00914DBF /* Frameworks */,
				FBAD693024A8D22E00914DBF /* Resources */,
			);
			buildRules = (
			);
			dependencies = (
			);
			name = OXGame;
			productName = OXGame;
			productReference = FBAD693224A8D22E00914DBF /* OXGame.app */;
			productType = "com.apple.product-type.application";
		};
/* End PBXNativeTarget section */

/* Begin PBXProject section */
		FBAD692A24A8D22E00914DBF /* Project object */ = {
			isa = PBXProject;
			attributes = {
				LastSwiftUpdateCheck = 1130;
				LastUpgradeCheck = 1130;
				ORGANIZATIONNAME = "Shubham Kulthe";
				TargetAttributes = {
					FBAD693124A8D22E00914DBF = {
						CreatedOnToolsVersion = 11.3;
					};
				};
			};
			buildConfigurationList = FBAD692D24A8D22E00914DBF /* Build configuration list for PBXProject "OXGame" */;
			compatibilityVersion = "Xcode 9.3";
			developmentRegion = en;
			hasScannedForEncodings = 0;
			knownRegions = (
				en,
				Base,
			);
			mainGroup = FBAD692924A8D22E00914DBF;
			productRefGroup = FBAD693324A8D22E00914DBF /* Products */;
			projectDirPath = "";
			projectRoot = "";
			targets = (
				FBAD693124A8D22E00914DBF /* OXGame */,
			);
		};
/* End PBXProject section */

/* Begin PBXResourcesBuildPhase section */
		FBAD693024A8D22E00914DBF /* Resources */ = {
			isa = PBXResourcesBuildPhase;
			buildActionMask = 2147483647;
			files = (
				FBAD694224A8D23100914DBF /* LaunchScreen.storyboard in Resources */,
				FBAD693F24A8D23100914DBF /* Assets.xcassets in Resources */,
				FBAD693D24A8D22E00914DBF /* Main.storyboard in Resources */,
			);
			runOnlyForDeploymentPostprocessing = 0;
		};
/* End PBXResourcesBuildPhase section */

/* Begin PBXSourcesBuildPhase section */
		FBAD692E24A8D22E00914DBF /* Sources */ = {
			isa = PBXSourcesBuildPhase;
			buildActionMask = 2147483647;
			files = (
				FBAD694A24A8DE3800914DBF /* GameViewController.swift in Sources */,
				FBAD693A24A8D22E00914DBF /* ViewController.swift in Sources */,
				FBAD693624A8D22E00914DBF /* AppDelegate.swift in Sources */,
				FBAD693824A8D22E00914DBF /* SceneDelegate.swift in Sources */,
			);
			runOnlyForDeploymentPostprocessing = 0;
		};
/* End PBXSourcesBuildPhase section */

/* Begin PBXVariantGroup section */
		FBAD693B24A8D22E00914DBF /* Main.storyboard */ = {
			isa = PBXVariantGroup;
			children = (
				FBAD693C24A8D22E00914DBF /* Base */,
			);
			name = Main.storyboard;
			sourceTree = "<group>";
		};
		FBAD694024A8D23100914DBF /* LaunchScreen.storyboard */ = {
			isa = PBXVariantGroup;
			children = (
				FBAD694124A8D23100914DBF /* Base */,
			);
			name = LaunchScreen.storyboard;
			sourceTree = "<group>";
		};
/* End PBXVariantGroup section */

/* Begin XCBuildConfiguration section */
		FBAD694424A8D23100914DBF /* Debug */ = {
			isa = XCBuildConfiguration;
			buildSettings = {
				ALWAYS_SEARCH_USER_PATHS = NO;
				CLANG_ANALYZER_NONNULL = YES;
				CLANG_ANALYZER_NUMBER_OBJECT_CONVERSION = YES_AGGRESSIVE;
				CLANG_CXX_LANGUAGE_STANDARD = "gnu++14";
				CLANG_CXX_LIBRARY = "libc++";
				CLANG_ENABLE_MODULES = YES;
				CLANG_ENABLE_OBJC_ARC = YES;
				CLANG_ENABLE_OBJC_WEAK = YES;
				CLANG_WARN_BLOCK_CAPTURE_AUTORELEASING = YES;
				CLANG_WARN_BOOL_CONVERSION = YES;
				CLANG_WARN_COMMA = YES;
				CLANG_WARN_CONSTANT_CONVERSION = YES;
				CLANG_WARN_DEPRECATED_OBJC_IMPLEMENTATIONS = YES;
				CLANG_WARN_DIRECT_OBJC_ISA_USAGE = YES_ERROR;
				CLANG_WARN_DOCUMENTATION_COMMENTS = YES;
				CLANG_WARN_EMPTY_BODY = YES;
				CLANG_WARN_ENUM_CONVERSION = YES;
				CLANG_WARN_INFINITE_RECURSION = YES;
				CLANG_WARN_INT_CONVERSION = YES;
				CLANG_WARN_NON_LITERAL_NULL_CONVERSION = YES;
				CLANG_WARN_OBJC_IMPLICIT_RETAIN_SELF = YES;
				CLANG_WARN_OBJC_LITERAL_CONVERSION = YES;
				CLANG_WARN_OBJC_ROOT_CLASS = YES_ERROR;
				CLANG_WARN_RANGE_LOOP_ANALYSIS = YES;
				CLANG_WARN_STRICT_PROTOTYPES = YES;
				CLANG_WARN_SUSPICIOUS_MOVE = YES;
				CLANG_WARN_UNGUARDED_AVAILABILITY = YES_AGGRESSIVE;
				CLANG_WARN_UNREACHABLE_CODE = YES;
				CLANG_WARN__DUPLICATE_METHOD_MATCH = YES;
				COPY_PHASE_STRIP = NO;
				DEBUG_INFORMATION_FORMAT = dwarf;
				ENABLE_STRICT_OBJC_MSGSEND = YES;
				ENABLE_TESTABILITY = YES;
				GCC_C_LANGUAGE_STANDARD = gnu11;
				GCC_DYNAMIC_NO_PIC = NO;
				GCC_NO_COMMON_BLOCKS = YES;
				GCC_OPTIMIZATION_LEVEL = 0;
				GCC_PREPROCESSOR_DEFINITIONS = (
					"DEBUG=1",
					"$(inherited)",
				);
				GCC_WARN_64_TO_32_BIT_CONVERSION = YES;
				GCC_WARN_ABOUT_RETURN_TYPE = YES_ERROR;
				GCC_WARN_UNDECLARED_SELECTOR = YES;
				GCC_WARN_UNINITIALIZED_AUTOS = YES_AGGRESSIVE;
				GCC_WARN_UNUSED_FUNCTION = YES;
				GCC_WARN_UNUSED_VARIABLE = YES;
				IPHONEOS_DEPLOYMENT_TARGET = 13.2;
				MTL_ENABLE_DEBUG_INFO = INCLUDE_SOURCE;
				MTL_FAST_MATH = YES;
				ONLY_ACTIVE_ARCH = YES;
				SDKROOT = iphoneos;
				SWIFT_ACTIVE_COMPILATION_CONDITIONS = DEBUG;
				SWIFT_OPTIMIZATION_LEVEL = "-Onone";
			};
			name = Debug;
		};
		FBAD694524A8D23100914DBF /* Release */ = {
			isa = XCBuildConfiguration;
			buildSettings = {
				ALWAYS_SEARCH_USER_PATHS = NO;
				CLANG_ANALYZER_NONNULL = YES;
				CLANG_ANALYZER_NUMBER_OBJECT_CONVERSION = YES_AGGRESSIVE;
				CLANG_CXX_LANGUAGE_STANDARD = "gnu++14";
				CLANG_CXX_LIBRARY = "libc++";
				CLANG_ENABLE_MODULES = YES;
				CLANG_ENABLE_OBJC_ARC = YES;
				CLANG_ENABLE_OBJC_WEAK = YES;
				CLANG_WARN_BLOCK_CAPTURE_AUTORELEASING = YES;
				CLANG_WARN_BOOL_CONVERSION = YES;
				CLANG_WARN_COMMA = YES;
				CLANG_WARN_CONSTANT_CONVERSION = YES;
				CLANG_WARN_DEPRECATED_OBJC_IMPLEMENTATIONS = YES;
				CLANG_WARN_DIRECT_OBJC_ISA_USAGE = YES_ERROR;
				CLANG_WARN_DOCUMENTATION_COMMENTS = YES;
				CLANG_WARN_EMPTY_BODY = YES;
				CLANG_WARN_ENUM_CONVERSION = YES;
				CLANG_WARN_INFINITE_RECURSION = YES;
				CLANG_WARN_INT_CONVERSION = YES;
				CLANG_WARN_NON_LITERAL_NULL_CONVERSION = YES;
				CLANG_WARN_OBJC_IMPLICIT_RETAIN_SELF = YES;
				CLANG_WARN_OBJC_LITERAL_CONVERSION = YES;
				CLANG_WARN_OBJC_ROOT_CLASS = YES_ERROR;
				CLANG_WARN_RANGE_LOOP_ANALYSIS = YES;
				CLANG_WARN_STRICT_PROTOTYPES = YES;
				CLANG_WARN_SUSPICIOUS_MOVE = YES;
				CLANG_WARN_UNGUARDED_AVAILABILITY = YES_AGGRESSIVE;
				CLANG_WARN_UNREACHABLE_CODE = YES;
				CLANG_WARN__DUPLICATE_METHOD_MATCH = YES;
				COPY_PHASE_STRIP = NO;
				DEBUG_INFORMATION_FORMAT = "dwarf-with-dsym";
				ENABLE_NS_ASSERTIONS = NO;
				ENABLE_STRICT_OBJC_MSGSEND = YES;
				GCC_C_LANGUAGE_STANDARD = gnu11;
				GCC_NO_COMMON_BLOCKS = YES;
				GCC_WARN_64_TO_32_BIT_CONVERSION = YES;
				GCC_WARN_ABOUT_RETURN_TYPE = YES_ERROR;
				GCC_WARN_UNDECLARED_SELECTOR = YES;
				GCC_WARN_UNINITIALIZED_AUTOS = YES_AGGRESSIVE;
				GCC_WARN_UNUSED_FUNCTION = YES;
				GCC_WARN_UNUSED_VARIABLE = YES;
				IPHONEOS_DEPLOYMENT_TARGET = 13.2;
				MTL_ENABLE_DEBUG_INFO = NO;
				MTL_FAST_MATH = YES;
				SDKROOT = iphoneos;
				SWIFT_COMPILATION_MODE = wholemodule;
				SWIFT_OPTIMIZATION_LEVEL = "-O";
				VALIDATE_PRODUCT = YES;
			};
			name = Release;
		};
		FBAD694724A8D23100914DBF /* Debug */ = {
			isa = XCBuildConfiguration;
			buildSettings = {
				ASSETCATALOG_COMPILER_APPICON_NAME = AppIcon;
				CODE_SIGN_STYLE = Automatic;
				DEVELOPMENT_TEAM = 726F7V49VC;
				INFOPLIST_FILE = OXGame/Info.plist;
				LD_RUNPATH_SEARCH_PATHS = (
					"$(inherited)",
					"@executable_path/Frameworks",
				);
				PRODUCT_BUNDLE_IDENTIFIER = com.shubhamkulthe.OXGame;
				PRODUCT_NAME = "$(TARGET_NAME)";
				SWIFT_VERSION = 5.0;
				TARGETED_DEVICE_FAMILY = "1,2";
			};
			name = Debug;
		};
		FBAD694824A8D23100914DBF /* Release */ = {
			isa = XCBuildConfiguration;
			buildSettings = {
				ASSETCATALOG_COMPILER_APPICON_NAME = AppIcon;
				CODE_SIGN_STYLE = Automatic;
				DEVELOPMENT_TEAM = 726F7V49VC;
				INFOPLIST_FILE = OXGame/Info.plist;
				LD_RUNPATH_SEARCH_PATHS = (
					"$(inherited)",
					"@executable_path/Frameworks",
				);
				PRODUCT_BUNDLE_IDENTIFIER = com.shubhamkulthe.OXGame;
				PRODUCT_NAME = "$(TARGET_NAME)";
				SWIFT_VERSION = 5.0;
				TARGETED_DEVICE_FAMILY = "1,2";
			};
			name = Release;
		};
/* End XCBuildConfiguration section */

/* Begin XCConfigurationList section */
		FBAD692D24A8D22E00914DBF /* Build configuration list for PBXProject "OXGame" */ = {
			isa = XCConfigurationList;
			buildConfigurations = (
				FBAD694424A8D23100914DBF /* Debug */,
				FBAD694524A8D23100914DBF /* Release */,
			);
			defaultConfigurationIsVisible = 0;
			defaultConfigurationName = Release;
		};
		FBAD694624A8D23100914DBF /* Build configuration list for PBXNativeTarget "OXGame" */ = {
			isa = XCConfigurationList;
			buildConfigurations = (
				FBAD694724A8D23100914DBF /* Debug */,
				FBAD694824A8D23100914DBF /* Release */,
			);
			defaultConfigurationIsVisible = 0;
			defaultConfigurationName = Release;
		};
/* End XCConfigurationList section */
	};
	rootObject = FBAD692A24A8D22E00914DBF /* Project object */;
}
